
Microsoft Visual Studio Solution File, Format Version 12.00
# Visual Studio Version 17
VisualStudioVersion = 17.8.34322.80
MinimumVisualStudioVersion = 10.0.40219.1
Project("{FAE04EC0-301F-11D3-BF4B-00C04F79EFBC}") = "WebDevProje", "WebDevProje.csproj", "{8BE81822-B8B5-440A-9133-129F383D1D0E}"
EndProject
Global
	GlobalSection(SolutionConfigurationPlatforms) = preSolution
		Debug|Any CPU = Debug|Any CPU
		Release|Any CPU = Release|Any CPU
	EndGlobalSection
	GlobalSection(ProjectConfigurationPlatforms) = postSolution
		{8BE81822-B8B5-440A-9133-129F383D1D0E}.Debug|Any CPU.ActiveCfg = Debug|Any CPU
		{8BE81822-B8B5-440A-9133-129F383D1D0E}.Debug|Any CPU.Build.0 = Debug|Any CPU
		{8BE81822-B8B5-440A-9133-129F383D1D0E}.Release|Any CPU.ActiveCfg = Release|Any CPU
		{8BE81822-B8B5-440A-9133-129F383D1D0E}.Release|Any CPU.Build.0 = Release|Any CPU
	EndGlobalSection
	GlobalSection(SolutionProperties) = preSolution
		HideSolutionNode = FALSE
	EndGlobalSection
	GlobalSection(ExtensibilityGlobals) = postSolution
		SolutionGuid = {B4903CF6-80AE-473E-9C04-60E88DD6FCFC}
	EndGlobalSection
EndGlobal
